
Microsoft Visual Studio Solution File, Format Version 12.00
# Visual Studio Version 16
VisualStudioVersion = 16.0.31019.35
MinimumVisualStudioVersion = 10.0.40219.1
Project("{9A19103F-16F7-4668-BE54-9A1E7A4F7556}") = "CharacterCreator", "CharacterCreator\CharacterCreator.csproj", "{25B77339-5CE2-4436-8FA4-4C61CDD11C46}"
EndProject
Project("{9A19103F-16F7-4668-BE54-9A1E7A4F7556}") = "CharacterCreator.WinHost", "CharacterCreator.WinHost\CharacterCreator.WinHost.csproj", "{6FA592EF-3D59-4BB2-AC86-7D4C6391CC59}"
EndProject
Project("{00D1A9C2-B5F0-4AF3-8072-F6C62B433612}") = "CharacterDb", "CharacterDb\CharacterDb.sqlproj", "{16EB1721-FFFA-40D9-91B3-E9DDC5EECCDC}"
EndProject
Global
	GlobalSection(SolutionConfigurationPlatforms) = preSolution
		Debug|Any CPU = Debug|Any CPU
		Release|Any CPU = Release|Any CPU
	EndGlobalSection
	GlobalSection(ProjectConfigurationPlatforms) = postSolution
		{25B77339-5CE2-4436-8FA4-4C61CDD11C46}.Debug|Any CPU.ActiveCfg = Debug|Any CPU
		{25B77339-5CE2-4436-8FA4-4C61CDD11C46}.Debug|Any CPU.Build.0 = Debug|Any CPU
		{25B77339-5CE2-4436-8FA4-4C61CDD11C46}.Release|Any CPU.ActiveCfg = Release|Any CPU
		{25B77339-5CE2-4436-8FA4-4C61CDD11C46}.Release|Any CPU.Build.0 = Release|Any CPU
		{6FA592EF-3D59-4BB2-AC86-7D4C6391CC59}.Debug|Any CPU.ActiveCfg = Debug|Any CPU
		{6FA592EF-3D59-4BB2-AC86-7D4C6391CC59}.Debug|Any CPU.Build.0 = Debug|Any CPU
		{6FA592EF-3D59-4BB2-AC86-7D4C6391CC59}.Release|Any CPU.ActiveCfg = Release|Any CPU
		{6FA592EF-3D59-4BB2-AC86-7D4C6391CC59}.Release|Any CPU.Build.0 = Release|Any CPU
		{16EB1721-FFFA-40D9-91B3-E9DDC5EECCDC}.Debug|Any CPU.ActiveCfg = Debug|Any CPU
		{16EB1721-FFFA-40D9-91B3-E9DDC5EECCDC}.Debug|Any CPU.Build.0 = Debug|Any CPU
		{16EB1721-FFFA-40D9-91B3-E9DDC5EECCDC}.Debug|Any CPU.Deploy.0 = Debug|Any CPU
		{16EB1721-FFFA-40D9-91B3-E9DDC5EECCDC}.Release|Any CPU.ActiveCfg = Release|Any CPU
		{16EB1721-FFFA-40D9-91B3-E9DDC5EECCDC}.Release|Any CPU.Build.0 = Release|Any CPU
		{16EB1721-FFFA-40D9-91B3-E9DDC5EECCDC}.Release|Any CPU.Deploy.0 = Release|Any CPU
	EndGlobalSection
	GlobalSection(SolutionProperties) = preSolution
		HideSolutionNode = FALSE
	EndGlobalSection
	GlobalSection(ExtensibilityGlobals) = postSolution
		SolutionGuid = {655ACAAA-06CA-4860-90D2-57AC712D142D}
	EndGlobalSection
EndGlobal
